
Microsoft Visual Studio Solution File, Format Version 12.00
# Visual Studio Version 17
VisualStudioVersion = 17.2.32630.192
MinimumVisualStudioVersion = 10.0.40219.1
Project("{FAE04EC0-301F-11D3-BF4B-00C04F79EFBC}") = "Secao7 - Datetime", "Secao7 - Datetime\Secao7 - Datetime.csproj", "{F271F3FC-06E1-4EF1-AC66-70FB1AF90148}"
EndProject
Global
	GlobalSection(SolutionConfigurationPlatforms) = preSolution
		Debug|Any CPU = Debug|Any CPU
		Release|Any CPU = Release|Any CPU
	EndGlobalSection
	GlobalSection(ProjectConfigurationPlatforms) = postSolution
		{F271F3FC-06E1-4EF1-AC66-70FB1AF90148}.Debug|Any CPU.ActiveCfg = Debug|Any CPU
		{F271F3FC-06E1-4EF1-AC66-70FB1AF90148}.Debug|Any CPU.Build.0 = Debug|Any CPU
		{F271F3FC-06E1-4EF1-AC66-70FB1AF90148}.Release|Any CPU.ActiveCfg = Release|Any CPU
		{F271F3FC-06E1-4EF1-AC66-70FB1AF90148}.Release|Any CPU.Build.0 = Release|Any CPU
	EndGlobalSection
	GlobalSection(SolutionProperties) = preSolution
		HideSolutionNode = FALSE
	EndGlobalSection
	GlobalSection(ExtensibilityGlobals) = postSolution
		SolutionGuid = {46D43713-3C6E-4ECD-AC28-2ADA1E143D83}
	EndGlobalSection
EndGlobal
