
Microsoft Visual Studio Solution File, Format Version 12.00
# Visual Studio Version 17
VisualStudioVersion = 17.2.32630.192
MinimumVisualStudioVersion = 10.0.40219.1
Project("{FAE04EC0-301F-11D3-BF4B-00C04F79EFBC}") = "Exercicio - cotação do dolar", "Exercicio - cotação do dolar\Exercicio - cotação do dolar.csproj", "{2B637F05-3D1D-441D-B634-8D3DF96A7C94}"
EndProject
Global
	GlobalSection(SolutionConfigurationPlatforms) = preSolution
		Debug|Any CPU = Debug|Any CPU
		Release|Any CPU = Release|Any CPU
	EndGlobalSection
	GlobalSection(ProjectConfigurationPlatforms) = postSolution
		{2B637F05-3D1D-441D-B634-8D3DF96A7C94}.Debug|Any CPU.ActiveCfg = Debug|Any CPU
		{2B637F05-3D1D-441D-B634-8D3DF96A7C94}.Debug|Any CPU.Build.0 = Debug|Any CPU
		{2B637F05-3D1D-441D-B634-8D3DF96A7C94}.Release|Any CPU.ActiveCfg = Release|Any CPU
		{2B637F05-3D1D-441D-B634-8D3DF96A7C94}.Release|Any CPU.Build.0 = Release|Any CPU
	EndGlobalSection
	GlobalSection(SolutionProperties) = preSolution
		HideSolutionNode = FALSE
	EndGlobalSection
	GlobalSection(ExtensibilityGlobals) = postSolution
		SolutionGuid = {BA0CE61D-D57A-4177-B16F-47AD51799D6B}
	EndGlobalSection
EndGlobal
