
Microsoft Visual Studio Solution File, Format Version 12.00
# Visual Studio Version 17
VisualStudioVersion = 17.2.32630.192
MinimumVisualStudioVersion = 10.0.40219.1
Project("{FAE04EC0-301F-11D3-BF4B-00C04F79EFBC}") = "Matrizes - Exercicio 1 - Numero Inteiro N", "Matrizes - Exercicio 1 - Numero Inteiro N\Matrizes - Exercicio 1 - Numero Inteiro N.csproj", "{11B34195-88BB-4AB1-BA35-1220CF927080}"
EndProject
Global
	GlobalSection(SolutionConfigurationPlatforms) = preSolution
		Debug|Any CPU = Debug|Any CPU
		Release|Any CPU = Release|Any CPU
	EndGlobalSection
	GlobalSection(ProjectConfigurationPlatforms) = postSolution
		{11B34195-88BB-4AB1-BA35-1220CF927080}.Debug|Any CPU.ActiveCfg = Debug|Any CPU
		{11B34195-88BB-4AB1-BA35-1220CF927080}.Debug|Any CPU.Build.0 = Debug|Any CPU
		{11B34195-88BB-4AB1-BA35-1220CF927080}.Release|Any CPU.ActiveCfg = Release|Any CPU
		{11B34195-88BB-4AB1-BA35-1220CF927080}.Release|Any CPU.Build.0 = Release|Any CPU
	EndGlobalSection
	GlobalSection(SolutionProperties) = preSolution
		HideSolutionNode = FALSE
	EndGlobalSection
	GlobalSection(ExtensibilityGlobals) = postSolution
		SolutionGuid = {4EC7207B-DBB3-4320-8A60-D0153CD07CCA}
	EndGlobalSection
EndGlobal
