
Microsoft Visual Studio Solution File, Format Version 12.00
# Visual Studio Version 17
VisualStudioVersion = 17.2.32630.192
MinimumVisualStudioVersion = 10.0.40219.1
Project("{FAE04EC0-301F-11D3-BF4B-00C04F79EFBC}") = "String - Original", "String - Original\String - Original.csproj", "{2C2886E7-2D0E-4790-9486-B12CB6343E1A}"
EndProject
Global
	GlobalSection(SolutionConfigurationPlatforms) = preSolution
		Debug|Any CPU = Debug|Any CPU
		Release|Any CPU = Release|Any CPU
	EndGlobalSection
	GlobalSection(ProjectConfigurationPlatforms) = postSolution
		{2C2886E7-2D0E-4790-9486-B12CB6343E1A}.Debug|Any CPU.ActiveCfg = Debug|Any CPU
		{2C2886E7-2D0E-4790-9486-B12CB6343E1A}.Debug|Any CPU.Build.0 = Debug|Any CPU
		{2C2886E7-2D0E-4790-9486-B12CB6343E1A}.Release|Any CPU.ActiveCfg = Release|Any CPU
		{2C2886E7-2D0E-4790-9486-B12CB6343E1A}.Release|Any CPU.Build.0 = Release|Any CPU
	EndGlobalSection
	GlobalSection(SolutionProperties) = preSolution
		HideSolutionNode = FALSE
	EndGlobalSection
	GlobalSection(ExtensibilityGlobals) = postSolution
		SolutionGuid = {7DB0D4E1-963C-4B64-AF19-D9A2F4D1AD3A}
	EndGlobalSection
EndGlobal
