
Microsoft Visual Studio Solution File, Format Version 12.00
# Visual Studio Version 17
VisualStudioVersion = 17.2.32630.192
MinimumVisualStudioVersion = 10.0.40219.1
Project("{FAE04EC0-301F-11D3-BF4B-00C04F79EFBC}") = "Course", "Course\Course.csproj", "{3C5B92E9-66BE-4CD7-AE22-28915D084C15}"
EndProject
Global
	GlobalSection(SolutionConfigurationPlatforms) = preSolution
		Debug|Any CPU = Debug|Any CPU
		Release|Any CPU = Release|Any CPU
	EndGlobalSection
	GlobalSection(ProjectConfigurationPlatforms) = postSolution
		{3C5B92E9-66BE-4CD7-AE22-28915D084C15}.Debug|Any CPU.ActiveCfg = Debug|Any CPU
		{3C5B92E9-66BE-4CD7-AE22-28915D084C15}.Debug|Any CPU.Build.0 = Debug|Any CPU
		{3C5B92E9-66BE-4CD7-AE22-28915D084C15}.Release|Any CPU.ActiveCfg = Release|Any CPU
		{3C5B92E9-66BE-4CD7-AE22-28915D084C15}.Release|Any CPU.Build.0 = Release|Any CPU
	EndGlobalSection
	GlobalSection(SolutionProperties) = preSolution
		HideSolutionNode = FALSE
	EndGlobalSection
	GlobalSection(ExtensibilityGlobals) = postSolution
		SolutionGuid = {8B342A4D-D1C4-4FD4-A2A9-6AB145EDE232}
	EndGlobalSection
EndGlobal
